// !$*UTF8*$!
{
	archiveVersion = 1;
	classes = {
	};
	objectVersion = 48;
	objects = {

/* Begin PBXBuildFile section */
		833EC59C1FD9398C00B5584F /* AppDelegate.m in Sources */ = {isa = PBXBuildFile; fileRef = 833EC59B1FD9398C00B5584F /* AppDelegate.m */; };
		833EC5A41FD9398C00B5584F /* Assets.xcassets in Resources */ = {isa = PBXBuildFile; fileRef = 833EC5A31FD9398C00B5584F /* Assets.xcassets */; };
		833EC5A71FD9398C00B5584F /* LaunchScreen.storyboard in Resources */ = {isa = PBXBuildFile; fileRef = 833EC5A51FD9398C00B5584F /* LaunchScreen.storyboard */; };
		833EC5AA1FD9398C00B5584F /* main.m in Sources */ = {isa = PBXBuildFile; fileRef = 833EC5A91FD9398C00B5584F /* main.m */; };
		833EC5B41FD9398C00B5584F /* YYAlertViewTests.m in Sources */ = {isa = PBXBuildFile; fileRef = 833EC5B31FD9398C00B5584F /* YYAlertViewTests.m */; };
		833EC5BF1FD9398C00B5584F /* YYAlertViewUITests.m in Sources */ = {isa = PBXBuildFile; fileRef = 833EC5BE1FD9398C00B5584F /* YYAlertViewUITests.m */; };
		833EC5CE1FD93AD500B5584F /* YYAlertViewController.m in Sources */ = {isa = PBXBuildFile; fileRef = 833EC5CD1FD93AD500B5584F /* YYAlertViewController.m */; };
		833EC5D11FD93E2B00B5584F /* YYAlertView.m in Sources */ = {isa = PBXBuildFile; fileRef = 833EC5D01FD93E2B00B5584F /* YYAlertView.m */; };
/* End PBXBuildFile section */

/* Begin PBXContainerItemProxy section */
		833EC5B01FD9398C00B5584F /* PBXContainerItemProxy */ = {
			isa = PBXContainerItemProxy;
			containerPortal = 833EC58F1FD9398C00B5584F /* Project object */;
			proxyType = 1;
			remoteGlobalIDString = 833EC5961FD9398C00B5584F;
			remoteInfo = YYAlertView;
		};
		833EC5BB1FD9398C00B5584F /* PBXContainerItemProxy */ = {
			isa = PBXContainerItemProxy;
			containerPortal = 833EC58F1FD9398C00B5584F /* Project object */;
			proxyType = 1;
			remoteGlobalIDString = 833EC5961FD9398C00B5584F;
			remoteInfo = YYAlertView;
		};
/* End PBXContainerItemProxy section */

/* Begin PBXFileReference section */
		833EC5971FD9398C00B5584F /* YYAlertView.app */ = {isa = PBXFileReference; explicitFileType = wrapper.application; includeInIndex = 0; path = YYAlertView.app; sourceTree = BUILT_PRODUCTS_DIR; };
		833EC59A1FD9398C00B5584F /* AppDelegate.h */ = {isa = PBXFileReference; lastKnownFileType = sourcecode.c.h; path = AppDelegate.h; sourceTree = "<group>"; };
		833EC59B1FD9398C00B5584F /* AppDelegate.m */ = {isa = PBXFileReference; lastKnownFileType = sourcecode.c.objc; path = AppDelegate.m; sourceTree = "<group>"; };
		833EC5A31FD9398C00B5584F /* Assets.xcassets */ = {isa = PBXFileReference; lastKnownFileType = folder.assetcatalog; path = Assets.xcassets; sourceTree = "<group>"; };
		833EC5A61FD9398C00B5584F /* Base */ = {isa = PBXFileReference; lastKnownFileType = file.storyboard; name = Base; path = Base.lproj/LaunchScreen.storyboard; sourceTree = "<group>"; };
		833EC5A81FD9398C00B5584F /* Info.plist */ = {isa = PBXFileReference; lastKnownFileType = text.plist.xml; path = Info.plist; sourceTree = "<group>"; };
		833EC5A91FD9398C00B5584F /* main.m */ = {isa = PBXFileReference; lastKnownFileType = sourcecode.c.objc; path = main.m; sourceTree = "<group>"; };
		833EC5AF1FD9398C00B5584F /* YYAlertViewTests.xctest */ = {isa = PBXFileReference; explicitFileType = wrapper.cfbundle; includeInIndex = 0; path = YYAlertViewTests.xctest; sourceTree = BUILT_PRODUCTS_DIR; };
		833EC5B31FD9398C00B5584F /* YYAlertViewTests.m */ = {isa = PBXFileReference; lastKnownFileType = sourcecode.c.objc; path = YYAlertViewTests.m; sourceTree = "<group>"; };
		833EC5B51FD9398C00B5584F /* Info.plist */ = {isa = PBXFileReference; lastKnownFileType = text.plist.xml; path = Info.plist; sourceTree = "<group>"; };
		833EC5BA1FD9398C00B5584F /* YYAlertViewUITests.xctest */ = {isa = PBXFileReference; explicitFileType = wrapper.cfbundle; includeInIndex = 0; path = YYAlertViewUITests.xctest; sourceTree = BUILT_PRODUCTS_DIR; };
		833EC5BE1FD9398C00B5584F /* YYAlertViewUITests.m */ = {isa = PBXFileReference; lastKnownFileType = sourcecode.c.objc; path = YYAlertViewUITests.m; sourceTree = "<group>"; };
		833EC5C01FD9398C00B5584F /* Info.plist */ = {isa = PBXFileReference; lastKnownFileType = text.plist.xml; path = Info.plist; sourceTree = "<group>"; };
		833EC5CC1FD93AD500B5584F /* YYAlertViewController.h */ = {isa = PBXFileReference; lastKnownFileType = sourcecode.c.h; path = YYAlertViewController.h; sourceTree = "<group>"; };
		833EC5CD1FD93AD500B5584F /* YYAlertViewController.m */ = {isa = PBXFileReference; lastKnownFileType = sourcecode.c.objc; path = YYAlertViewController.m; sourceTree = "<group>"; };
		833EC5CF1FD93E2B00B5584F /* YYAlertView.h */ = {isa = PBXFileReference; lastKnownFileType = sourcecode.c.h; path = YYAlertView.h; sourceTree = "<group>"; };
		833EC5D01FD93E2B00B5584F /* YYAlertView.m */ = {isa = PBXFileReference; lastKnownFileType = sourcecode.c.objc; path = YYAlertView.m; sourceTree = "<group>"; };
/* End PBXFileReference section */

/* Begin PBXFrameworksBuildPhase section */
		833EC5941FD9398C00B5584F /* Frameworks */ = {
			isa = PBXFrameworksBuildPhase;
			buildActionMask = 2147483647;
			files = (
			);
			runOnlyForDeploymentPostprocessing = 0;
		};
		833EC5AC1FD9398C00B5584F /* Frameworks */ = {
			isa = PBXFrameworksBuildPhase;
			buildActionMask = 2147483647;
			files = (
			);
			runOnlyForDeploymentPostprocessing = 0;
		};
		833EC5B71FD9398C00B5584F /* Frameworks */ = {
			isa = PBXFrameworksBuildPhase;
			buildActionMask = 2147483647;
			files = (
			);
			runOnlyForDeploymentPostprocessing = 0;
		};
/* End PBXFrameworksBuildPhase section */

/* Begin PBXGroup section */
		833EC58E1FD9398C00B5584F = {
			isa = PBXGroup;
			children = (
				833EC5991FD9398C00B5584F /* YYAlertView */,
				833EC5B21FD9398C00B5584F /* YYAlertViewTests */,
				833EC5BD1FD9398C00B5584F /* YYAlertViewUITests */,
				833EC5981FD9398C00B5584F /* Products */,
			);
			sourceTree = "<group>";
		};
		833EC5981FD9398C00B5584F /* Products */ = {
			isa = PBXGroup;
			children = (
				833EC5971FD9398C00B5584F /* YYAlertView.app */,
				833EC5AF1FD9398C00B5584F /* YYAlertViewTests.xctest */,
				833EC5BA1FD9398C00B5584F /* YYAlertViewUITests.xctest */,
			);
			name = Products;
			sourceTree = "<group>";
		};
		833EC5991FD9398C00B5584F /* YYAlertView */ = {
			isa = PBXGroup;
			children = (
				833EC59A1FD9398C00B5584F /* AppDelegate.h */,
				833EC59B1FD9398C00B5584F /* AppDelegate.m */,
				833EC5CC1FD93AD500B5584F /* YYAlertViewController.h */,
				833EC5CD1FD93AD500B5584F /* YYAlertViewController.m */,
				833EC5CF1FD93E2B00B5584F /* YYAlertView.h */,
				833EC5D01FD93E2B00B5584F /* YYAlertView.m */,
				833EC5A31FD9398C00B5584F /* Assets.xcassets */,
				833EC5A51FD9398C00B5584F /* LaunchScreen.storyboard */,
				833EC5A81FD9398C00B5584F /* Info.plist */,
				833EC5A91FD9398C00B5584F /* main.m */,
			);
			path = YYAlertView;
			sourceTree = "<group>";
		};
		833EC5B21FD9398C00B5584F /* YYAlertViewTests */ = {
			isa = PBXGroup;
			children = (
				833EC5B31FD9398C00B5584F /* YYAlertViewTests.m */,
				833EC5B51FD9398C00B5584F /* Info.plist */,
			);
			path = YYAlertViewTests;
			sourceTree = "<group>";
		};
		833EC5BD1FD9398C00B5584F /* YYAlertViewUITests */ = {
			isa = PBXGroup;
			children = (
				833EC5BE1FD9398C00B5584F /* YYAlertViewUITests.m */,
				833EC5C01FD9398C00B5584F /* Info.plist */,
			);
			path = YYAlertViewUITests;
			sourceTree = "<group>";
		};
/* End PBXGroup section */

/* Begin PBXNativeTarget section */
		833EC5961FD9398C00B5584F /* YYAlertView */ = {
			isa = PBXNativeTarget;
			buildConfigurationList = 833EC5C31FD9398C00B5584F /* Build configuration list for PBXNativeTarget "YYAlertView" */;
			buildPhases = (
				833EC5931FD9398C00B5584F /* Sources */,
				833EC5941FD9398C00B5584F /* Frameworks */,
				833EC5951FD9398C00B5584F /* Resources */,
			);
			buildRules = (
			);
			dependencies = (
			);
			name = YYAlertView;
			productName = YYAlertView;
			productReference = 833EC5971FD9398C00B5584F /* YYAlertView.app */;
			productType = "com.apple.product-type.application";
		};
		833EC5AE1FD9398C00B5584F /* YYAlertViewTests */ = {
			isa = PBXNativeTarget;
			buildConfigurationList = 833EC5C61FD9398C00B5584F /* Build configuration list for PBXNativeTarget "YYAlertViewTests" */;
			buildPhases = (
				833EC5AB1FD9398C00B5584F /* Sources */,
				833EC5AC1FD9398C00B5584F /* Frameworks */,
				833EC5AD1FD9398C00B5584F /* Resources */,
			);
			buildRules = (
			);
			dependencies = (
				833EC5B11FD9398C00B5584F /* PBXTargetDependency */,
			);
			name = YYAlertViewTests;
			productName = YYAlertViewTests;
			productReference = 833EC5AF1FD9398C00B5584F /* YYAlertViewTests.xctest */;
			productType = "com.apple.product-type.bundle.unit-test";
		};
		833EC5B91FD9398C00B5584F /* YYAlertViewUITests */ = {
			isa = PBXNativeTarget;
			buildConfigurationList = 833EC5C91FD9398C00B5584F /* Build configuration list for PBXNativeTarget "YYAlertViewUITests" */;
			buildPhases = (
				833EC5B61FD9398C00B5584F /* Sources */,
				833EC5B71FD9398C00B5584F /* Frameworks */,
				833EC5B81FD9398C00B5584F /* Resources */,
			);
			buildRules = (
			);
			dependencies = (
				833EC5BC1FD9398C00B5584F /* PBXTargetDependency */,
			);
			name = YYAlertViewUITests;
			productName = YYAlertViewUITests;
			productReference = 833EC5BA1FD9398C00B5584F /* YYAlertViewUITests.xctest */;
			productType = "com.apple.product-type.bundle.ui-testing";
		};
/* End PBXNativeTarget section */

/* Begin PBXProject section */
		833EC58F1FD9398C00B5584F /* Project object */ = {
			isa = PBXProject;
			attributes = {
				LastUpgradeCheck = 0920;
				ORGANIZATIONNAME = yao;
				TargetAttributes = {
					833EC5961FD9398C00B5584F = {
						CreatedOnToolsVersion = 9.2;
						ProvisioningStyle = Automatic;
					};
					833EC5AE1FD9398C00B5584F = {
						CreatedOnToolsVersion = 9.2;
						ProvisioningStyle = Automatic;
						TestTargetID = 833EC5961FD9398C00B5584F;
					};
					833EC5B91FD9398C00B5584F = {
						CreatedOnToolsVersion = 9.2;
						ProvisioningStyle = Automatic;
						TestTargetID = 833EC5961FD9398C00B5584F;
					};
				};
			};
			buildConfigurationList = 833EC5921FD9398C00B5584F /* Build configuration list for PBXProject "YYAlertView" */;
			compatibilityVersion = "Xcode 8.0";
			developmentRegion = en;
			hasScannedForEncodings = 0;
			knownRegions = (
				en,
				Base,
			);
			mainGroup = 833EC58E1FD9398C00B5584F;
			productRefGroup = 833EC5981FD9398C00B5584F /* Products */;
			projectDirPath = "";
			projectRoot = "";
			targets = (
				833EC5961FD9398C00B5584F /* YYAlertView */,
				833EC5AE1FD9398C00B5584F /* YYAlertViewTests */,
				833EC5B91FD9398C00B5584F /* YYAlertViewUITests */,
			);
		};
/* End PBXProject section */

/* Begin PBXResourcesBuildPhase section */
		833EC5951FD9398C00B5584F /* Resources */ = {
			isa = PBXResourcesBuildPhase;
			buildActionMask = 2147483647;
			files = (
				833EC5A71FD9398C00B5584F /* LaunchScreen.storyboard in Resources */,
				833EC5A41FD9398C00B5584F /* Assets.xcassets in Resources */,
			);
			runOnlyForDeploymentPostprocessing = 0;
		};
		833EC5AD1FD9398C00B5584F /* Resources */ = {
			isa = PBXResourcesBuildPhase;
			buildActionMask = 2147483647;
			files = (
			);
			runOnlyForDeploymentPostprocessing = 0;
		};
		833EC5B81FD9398C00B5584F /* Resources */ = {
			isa = PBXResourcesBuildPhase;
			buildActionMask = 2147483647;
			files = (
			);
			runOnlyForDeploymentPostprocessing = 0;
		};
/* End PBXResourcesBuildPhase section */

/* Begin PBXSourcesBuildPhase section */
		833EC5931FD9398C00B5584F /* Sources */ = {
			isa = PBXSourcesBuildPhase;
			buildActionMask = 2147483647;
			files = (
				833EC5CE1FD93AD500B5584F /* YYAlertViewController.m in Sources */,
				833EC5D11FD93E2B00B5584F /* YYAlertView.m in Sources */,
				833EC5AA1FD9398C00B5584F /* main.m in Sources */,
				833EC59C1FD9398C00B5584F /* AppDelegate.m in Sources */,
			);
			runOnlyForDeploymentPostprocessing = 0;
		};
		833EC5AB1FD9398C00B5584F /* Sources */ = {
			isa = PBXSourcesBuildPhase;
			buildActionMask = 2147483647;
			files = (
				833EC5B41FD9398C00B5584F /* YYAlertViewTests.m in Sources */,
			);
			runOnlyForDeploymentPostprocessing = 0;
		};
		833EC5B61FD9398C00B5584F /* Sources */ = {
			isa = PBXSourcesBuildPhase;
			buildActionMask = 2147483647;
			files = (
				833EC5BF1FD9398C00B5584F /* YYAlertViewUITests.m in Sources */,
			);
			runOnlyForDeploymentPostprocessing = 0;
		};
/* End PBXSourcesBuildPhase section */

/* Begin PBXTargetDependency section */
		833EC5B11FD9398C00B5584F /* PBXTargetDependency */ = {
			isa = PBXTargetDependency;
			target = 833EC5961FD9398C00B5584F /* YYAlertView */;
			targetProxy = 833EC5B01FD9398C00B5584F /* PBXContainerItemProxy */;
		};
		833EC5BC1FD9398C00B5584F /* PBXTargetDependency */ = {
			isa = PBXTargetDependency;
			target = 833EC5961FD9398C00B5584F /* YYAlertView */;
			targetProxy = 833EC5BB1FD9398C00B5584F /* PBXContainerItemProxy */;
		};
/* End PBXTargetDependency section */

/* Begin PBXVariantGroup section */
		833EC5A51FD9398C00B5584F /* LaunchScreen.storyboard */ = {
			isa = PBXVariantGroup;
			children = (
				833EC5A61FD9398C00B5584F /* Base */,
			);
			name = LaunchScreen.storyboard;
			sourceTree = "<group>";
		};
/* End PBXVariantGroup section */

/* Begin XCBuildConfiguration section */
		833EC5C11FD9398C00B5584F /* Debug */ = {
			isa = XCBuildConfiguration;
			buildSettings = {
				ALWAYS_SEARCH_USER_PATHS = NO;
				CLANG_ANALYZER_NONNULL = YES;
				CLANG_ANALYZER_NUMBER_OBJECT_CONVERSION = YES_AGGRESSIVE;
				CLANG_CXX_LANGUAGE_STANDARD = "gnu++14";
				CLANG_CXX_LIBRARY = "libc++";
				CLANG_ENABLE_MODULES = YES;
				CLANG_ENABLE_OBJC_ARC = YES;
				CLANG_WARN_BLOCK_CAPTURE_AUTORELEASING = YES;
				CLANG_WARN_BOOL_CONVERSION = YES;
				CLANG_WARN_COMMA = YES;
				CLANG_WARN_CONSTANT_CONVERSION = YES;
				CLANG_WARN_DIRECT_OBJC_ISA_USAGE = YES_ERROR;
				CLANG_WARN_DOCUMENTATION_COMMENTS = YES;
				CLANG_WARN_EMPTY_BODY = YES;
				CLANG_WARN_ENUM_CONVERSION = YES;
				CLANG_WARN_INFINITE_RECURSION = YES;
				CLANG_WARN_INT_CONVERSION = YES;
				CLANG_WARN_NON_LITERAL_NULL_CONVERSION = YES;
				CLANG_WARN_OBJC_LITERAL_CONVERSION = YES;
				CLANG_WARN_OBJC_ROOT_CLASS = YES_ERROR;
				CLANG_WARN_RANGE_LOOP_ANALYSIS = YES;
				CLANG_WARN_STRICT_PROTOTYPES = YES;
				CLANG_WARN_SUSPICIOUS_MOVE = YES;
				CLANG_WARN_UNGUARDED_AVAILABILITY = YES_AGGRESSIVE;
				CLANG_WARN_UNREACHABLE_CODE = YES;
				CLANG_WARN__DUPLICATE_METHOD_MATCH = YES;
				CODE_SIGN_IDENTITY = "iPhone Developer";
				COPY_PHASE_STRIP = NO;
				DEBUG_INFORMATION_FORMAT = dwarf;
				ENABLE_STRICT_OBJC_MSGSEND = YES;
				ENABLE_TESTABILITY = YES;
				GCC_C_LANGUAGE_STANDARD = gnu11;
				GCC_DYNAMIC_NO_PIC = NO;
				GCC_NO_COMMON_BLOCKS = YES;
				GCC_OPTIMIZATION_LEVEL = 0;
				GCC_PREPROCESSOR_DEFINITIONS = (
					"DEBUG=1",
					"$(inherited)",
				);
				GCC_WARN_64_TO_32_BIT_CONVERSION = YES;
				GCC_WARN_ABOUT_RETURN_TYPE = YES_ERROR;
				GCC_WARN_UNDECLARED_SELECTOR = YES;
				GCC_WARN_UNINITIALIZED_AUTOS = YES_AGGRESSIVE;
				GCC_WARN_UNUSED_FUNCTION = YES;
				GCC_WARN_UNUSED_VARIABLE = YES;
				IPHONEOS_DEPLOYMENT_TARGET = 11.2;
				MTL_ENABLE_DEBUG_INFO = YES;
				ONLY_ACTIVE_ARCH = YES;
				SDKROOT = iphoneos;
			};
			name = Debug;
		};
		833EC5C21FD9398C00B5584F /* Release */ = {
			isa = XCBuildConfiguration;
			buildSettings = {
				ALWAYS_SEARCH_USER_PATHS = NO;
				CLANG_ANALYZER_NONNULL = YES;
				CLANG_ANALYZER_NUMBER_OBJECT_CONVERSION = YES_AGGRESSIVE;
				CLANG_CXX_LANGUAGE_STANDARD = "gnu++14";
				CLANG_CXX_LIBRARY = "libc++";
				CLANG_ENABLE_MODULES = YES;
				CLANG_ENABLE_OBJC_ARC = YES;
				CLANG_WARN_BLOCK_CAPTURE_AUTORELEASING = YES;
				CLANG_WARN_BOOL_CONVERSION = YES;
				CLANG_WARN_COMMA = YES;
				CLANG_WARN_CONSTANT_CONVERSION = YES;
				CLANG_WARN_DIRECT_OBJC_ISA_USAGE = YES_ERROR;
				CLANG_WARN_DOCUMENTATION_COMMENTS = YES;
				CLANG_WARN_EMPTY_BODY = YES;
				CLANG_WARN_ENUM_CONVERSION = YES;
				CLANG_WARN_INFINITE_RECURSION = YES;
				CLANG_WARN_INT_CONVERSION = YES;
				CLANG_WARN_NON_LITERAL_NULL_CONVERSION = YES;
				CLANG_WARN_OBJC_LITERAL_CONVERSION = YES;
				CLANG_WARN_OBJC_ROOT_CLASS = YES_ERROR;
				CLANG_WARN_RANGE_LOOP_ANALYSIS = YES;
				CLANG_WARN_STRICT_PROTOTYPES = YES;
				CLANG_WARN_SUSPICIOUS_MOVE = YES;
				CLANG_WARN_UNGUARDED_AVAILABILITY = YES_AGGRESSIVE;
				CLANG_WARN_UNREACHABLE_CODE = YES;
				CLANG_WARN__DUPLICATE_METHOD_MATCH = YES;
				CODE_SIGN_IDENTITY = "iPhone Developer";
				COPY_PHASE_STRIP = NO;
				DEBUG_INFORMATION_FORMAT = "dwarf-with-dsym";
				ENABLE_NS_ASSERTIONS = NO;
				ENABLE_STRICT_OBJC_MSGSEND = YES;
				GCC_C_LANGUAGE_STANDARD = gnu11;
				GCC_NO_COMMON_BLOCKS = YES;
				GCC_WARN_64_TO_32_BIT_CONVERSION = YES;
				GCC_WARN_ABOUT_RETURN_TYPE = YES_ERROR;
				GCC_WARN_UNDECLARED_SELECTOR = YES;
				GCC_WARN_UNINITIALIZED_AUTOS = YES_AGGRESSIVE;
				GCC_WARN_UNUSED_FUNCTION = YES;
				GCC_WARN_UNUSED_VARIABLE = YES;
				IPHONEOS_DEPLOYMENT_TARGET = 11.2;
				MTL_ENABLE_DEBUG_INFO = NO;
				SDKROOT = iphoneos;
				VALIDATE_PRODUCT = YES;
			};
			name = Release;
		};
		833EC5C41FD9398C00B5584F /* Debug */ = {
			isa = XCBuildConfiguration;
			buildSettings = {
				ASSETCATALOG_COMPILER_APPICON_NAME = AppIcon;
				CODE_SIGN_STYLE = Automatic;
				DEVELOPMENT_TEAM = "";
				INFOPLIST_FILE = YYAlertView/Info.plist;
				LD_RUNPATH_SEARCH_PATHS = "$(inherited) @executable_path/Frameworks";
				PRODUCT_BUNDLE_IDENTIFIER = com.yy.YYAlertView;
				PRODUCT_NAME = "$(TARGET_NAME)";
				TARGETED_DEVICE_FAMILY = 1;
			};
			name = Debug;
		};
		833EC5C51FD9398C00B5584F /* Release */ = {
			isa = XCBuildConfiguration;
			buildSettings = {
				ASSETCATALOG_COMPILER_APPICON_NAME = AppIcon;
				CODE_SIGN_STYLE = Automatic;
				DEVELOPMENT_TEAM = "";
				INFOPLIST_FILE = YYAlertView/Info.plist;
				LD_RUNPATH_SEARCH_PATHS = "$(inherited) @executable_path/Frameworks";
				PRODUCT_BUNDLE_IDENTIFIER = com.yy.YYAlertView;
				PRODUCT_NAME = "$(TARGET_NAME)";
				TARGETED_DEVICE_FAMILY = 1;
			};
			name = Release;
		};
		833EC5C71FD9398C00B5584F /* Debug */ = {
			isa = XCBuildConfiguration;
			buildSettings = {
				BUNDLE_LOADER = "$(TEST_HOST)";
				CODE_SIGN_STYLE = Automatic;
				INFOPLIST_FILE = YYAlertViewTests/Info.plist;
				LD_RUNPATH_SEARCH_PATHS = "$(inherited) @executable_path/Frameworks @loader_path/Frameworks";
				PRODUCT_BUNDLE_IDENTIFIER = com.yy.YYAlertViewTests;
				PRODUCT_NAME = "$(TARGET_NAME)";
				TARGETED_DEVICE_FAMILY = "1,2";
				TEST_HOST = "$(BUILT_PRODUCTS_DIR)/YYAlertView.app/YYAlertView";
			};
			name = Debug;
		};
		833EC5C81FD9398C00B5584F /* Release */ = {
			isa = XCBuildConfiguration;
			buildSettings = {
				BUNDLE_LOADER = "$(TEST_HOST)";
				CODE_SIGN_STYLE = Automatic;
				INFOPLIST_FILE = YYAlertViewTests/Info.plist;
				LD_RUNPATH_SEARCH_PATHS = "$(inherited) @executable_path/Frameworks @loader_path/Frameworks";
				PRODUCT_BUNDLE_IDENTIFIER = com.yy.YYAlertViewTests;
				PRODUCT_NAME = "$(TARGET_NAME)";
				TARGETED_DEVICE_FAMILY = "1,2";
				TEST_HOST = "$(BUILT_PRODUCTS_DIR)/YYAlertView.app/YYAlertView";
			};
			name = Release;
		};
		833EC5CA1FD9398C00B5584F /* Debug */ = {
			isa = XCBuildConfiguration;
			buildSettings = {
				CODE_SIGN_STYLE = Automatic;
				INFOPLIST_FILE = YYAlertViewUITests/Info.plist;
				LD_RUNPATH_SEARCH_PATHS = "$(inherited) @executable_path/Frameworks @loader_path/Frameworks";
				PRODUCT_BUNDLE_IDENTIFIER = com.yy.YYAlertViewUITests;
				PRODUCT_NAME = "$(TARGET_NAME)";
				TARGETED_DEVICE_FAMILY = "1,2";
				TEST_TARGET_NAME = YYAlertView;
			};
			name = Debug;
		};
		833EC5CB1FD9398C00B5584F /* Release */ = {
			isa = XCBuildConfiguration;
			buildSettings = {
				CODE_SIGN_STYLE = Automatic;
				INFOPLIST_FILE = YYAlertViewUITests/Info.plist;
				LD_RUNPATH_SEARCH_PATHS = "$(inherited) @executable_path/Frameworks @loader_path/Frameworks";
				PRODUCT_BUNDLE_IDENTIFIER = com.yy.YYAlertViewUITests;
				PRODUCT_NAME = "$(TARGET_NAME)";
				TARGETED_DEVICE_FAMILY = "1,2";
				TEST_TARGET_NAME = YYAlertView;
			};
			name = Release;
		};
/* End XCBuildConfiguration section */

/* Begin XCConfigurationList section */
		833EC5921FD9398C00B5584F /* Build configuration list for PBXProject "YYAlertView" */ = {
			isa = XCConfigurationList;
			buildConfigurations = (
				833EC5C11FD9398C00B5584F /* Debug */,
				833EC5C21FD9398C00B5584F /* Release */,
			);
			defaultConfigurationIsVisible = 0;
			defaultConfigurationName = Release;
		};
		833EC5C31FD9398C00B5584F /* Build configuration list for PBXNativeTarget "YYAlertView" */ = {
			isa = XCConfigurationList;
			buildConfigurations = (
				833EC5C41FD9398C00B5584F /* Debug */,
				833EC5C51FD9398C00B5584F /* Release */,
			);
			defaultConfigurationIsVisible = 0;
			defaultConfigurationName = Release;
		};
		833EC5C61FD9398C00B5584F /* Build configuration list for PBXNativeTarget "YYAlertViewTests" */ = {
			isa = XCConfigurationList;
			buildConfigurations = (
				833EC5C71FD9398C00B5584F /* Debug */,
				833EC5C81FD9398C00B5584F /* Release */,
			);
			defaultConfigurationIsVisible = 0;
			defaultConfigurationName = Release;
		};
		833EC5C91FD9398C00B5584F /* Build configuration list for PBXNativeTarget "YYAlertViewUITests" */ = {
			isa = XCConfigurationList;
			buildConfigurations = (
				833EC5CA1FD9398C00B5584F /* Debug */,
				833EC5CB1FD9398C00B5584F /* Release */,
			);
			defaultConfigurationIsVisible = 0;
			defaultConfigurationName = Release;
		};
/* End XCConfigurationList section */
	};
	rootObject = 833EC58F1FD9398C00B5584F /* Project object */;
}
